// !$*UTF8*$!
{
	archiveVersion = 1;
	classes = {
	};
	objectVersion = 55;
	objects = {

/* Begin PBXBuildFile section */
		8801FCBD2887AD96002EC102 /* ScrumdingerApp.swift in Sources */ = {isa = PBXBuildFile; fileRef = 8801FCBC2887AD96002EC102 /* ScrumdingerApp.swift */; };
		8801FCBF2887AD96002EC102 /* MeetingView.swift in Sources */ = {isa = PBXBuildFile; fileRef = 8801FCBE2887AD96002EC102 /* MeetingView.swift */; };
		8801FCC12887AD9A002EC102 /* Assets.xcassets in Resources */ = {isa = PBXBuildFile; fileRef = 8801FCC02887AD9A002EC102 /* Assets.xcassets */; };
		8801FCC42887AD9A002EC102 /* Preview Assets.xcassets in Resources */ = {isa = PBXBuildFile; fileRef = 8801FCC32887AD9A002EC102 /* Preview Assets.xcassets */; };
		8801FCCE2887AD9A002EC102 /* ScrumdingerTests.swift in Sources */ = {isa = PBXBuildFile; fileRef = 8801FCCD2887AD9A002EC102 /* ScrumdingerTests.swift */; };
		8801FCD82887AD9A002EC102 /* ScrumdingerUITests.swift in Sources */ = {isa = PBXBuildFile; fileRef = 8801FCD72887AD9A002EC102 /* ScrumdingerUITests.swift */; };
		8801FCDA2887AD9A002EC102 /* ScrumdingerUITestsLaunchTests.swift in Sources */ = {isa = PBXBuildFile; fileRef = 8801FCD92887AD9A002EC102 /* ScrumdingerUITestsLaunchTests.swift */; };
		8801FCE8288CECCF002EC102 /* Theme.swift in Sources */ = {isa = PBXBuildFile; fileRef = 8801FCE7288CECCF002EC102 /* Theme.swift */; };
		8801FCEA288CED7F002EC102 /* DailyScrum.swift in Sources */ = {isa = PBXBuildFile; fileRef = 8801FCE9288CED7F002EC102 /* DailyScrum.swift */; };
		8801FCEC288CEE82002EC102 /* CardView.swift in Sources */ = {isa = PBXBuildFile; fileRef = 8801FCEB288CEE82002EC102 /* CardView.swift */; };
		8801FCEE288D9D49002EC102 /* TrailingIconLabelStyle.swift in Sources */ = {isa = PBXBuildFile; fileRef = 8801FCED288D9D49002EC102 /* TrailingIconLabelStyle.swift */; };
		8801FCF0288E33AA002EC102 /* ScrumsView.swift in Sources */ = {isa = PBXBuildFile; fileRef = 8801FCEF288E33AA002EC102 /* ScrumsView.swift */; };
		8801FCF22890D653002EC102 /* DetailVIew.swift in Sources */ = {isa = PBXBuildFile; fileRef = 8801FCF12890D653002EC102 /* DetailVIew.swift */; };
		8801FCF428936DFC002EC102 /* DetailEditView.swift in Sources */ = {isa = PBXBuildFile; fileRef = 8801FCF328936DFC002EC102 /* DetailEditView.swift */; };
		8801FCF62895826B002EC102 /* ThemeView.swift in Sources */ = {isa = PBXBuildFile; fileRef = 8801FCF52895826B002EC102 /* ThemeView.swift */; };
		8801FCFA28958AF6002EC102 /* ThemePicker.swift in Sources */ = {isa = PBXBuildFile; fileRef = 8801FCF928958AF6002EC102 /* ThemePicker.swift */; };
		8801FCFC2895EC1C002EC102 /* MeetingHeaderView.swift in Sources */ = {isa = PBXBuildFile; fileRef = 8801FCFB2895EC1C002EC102 /* MeetingHeaderView.swift */; };
		8801FCFE28961148002EC102 /* ScrumProgressViewStyle.swift in Sources */ = {isa = PBXBuildFile; fileRef = 8801FCFD28961148002EC102 /* ScrumProgressViewStyle.swift */; };
		8801FD0028961307002EC102 /* ScrumTimer.swift in Sources */ = {isa = PBXBuildFile; fileRef = 8801FCFF28961307002EC102 /* ScrumTimer.swift */; };
		8801FD0228961B4B002EC102 /* MeetingFooterView.swift in Sources */ = {isa = PBXBuildFile; fileRef = 8801FD0128961B4B002EC102 /* MeetingFooterView.swift */; };
		8801FD042896F1BF002EC102 /* AVSharedDingPlayer.swift in Sources */ = {isa = PBXBuildFile; fileRef = 8801FD032896F1BF002EC102 /* AVSharedDingPlayer.swift */; };
		8801FD072896F540002EC102 /* ding.wav in Resources */ = {isa = PBXBuildFile; fileRef = 8801FD062896F540002EC102 /* ding.wav */; };
		8801FD09289764F4002EC102 /* History.swift in Sources */ = {isa = PBXBuildFile; fileRef = 8801FD08289764F4002EC102 /* History.swift */; };
		8801FD0B289785AB002EC102 /* ScrumStore.swift in Sources */ = {isa = PBXBuildFile; fileRef = 8801FD0A289785AB002EC102 /* ScrumStore.swift */; };
		8801FD0D289CB2F5002EC102 /* ErrorWrapper.swift in Sources */ = {isa = PBXBuildFile; fileRef = 8801FD0C289CB2F5002EC102 /* ErrorWrapper.swift */; };
		8801FD0F289CB374002EC102 /* ErrorView.swift in Sources */ = {isa = PBXBuildFile; fileRef = 8801FD0E289CB374002EC102 /* ErrorView.swift */; };
		8801FD13289E0532002EC102 /* MeetingTimerView.swift in Sources */ = {isa = PBXBuildFile; fileRef = 8801FD12289E0532002EC102 /* MeetingTimerView.swift */; };
		8801FD15289E091B002EC102 /* SpeakerArc.swift in Sources */ = {isa = PBXBuildFile; fileRef = 8801FD14289E091B002EC102 /* SpeakerArc.swift */; };
		8801FD17289F6A8B002EC102 /* SpeechRecognizer.swift in Sources */ = {isa = PBXBuildFile; fileRef = 8801FD16289F6A8B002EC102 /* SpeechRecognizer.swift */; };
		8801FD19289F745B002EC102 /* HistoryView.swift in Sources */ = {isa = PBXBuildFile; fileRef = 8801FD18289F745B002EC102 /* HistoryView.swift */; };
/* End PBXBuildFile section */

/* Begin PBXContainerItemProxy section */
		8801FCCA2887AD9A002EC102 /* PBXContainerItemProxy */ = {
			isa = PBXContainerItemProxy;
			containerPortal = 8801FCB12887AD96002EC102 /* Project object */;
			proxyType = 1;
			remoteGlobalIDString = 8801FCB82887AD96002EC102;
			remoteInfo = Scrumdinger;
		};
		8801FCD42887AD9A002EC102 /* PBXContainerItemProxy */ = {
			isa = PBXContainerItemProxy;
			containerPortal = 8801FCB12887AD96002EC102 /* Project object */;
			proxyType = 1;
			remoteGlobalIDString = 8801FCB82887AD96002EC102;
			remoteInfo = Scrumdinger;
		};
/* End PBXContainerItemProxy section */

/* Begin PBXFileReference section */
		8801FCB92887AD96002EC102 /* Scrumdinger.app */ = {isa = PBXFileReference; explicitFileType = wrapper.application; includeInIndex = 0; path = Scrumdinger.app; sourceTree = BUILT_PRODUCTS_DIR; };
		8801FCBC2887AD96002EC102 /* ScrumdingerApp.swift */ = {isa = PBXFileReference; lastKnownFileType = sourcecode.swift; path = ScrumdingerApp.swift; sourceTree = "<group>"; };
		8801FCBE2887AD96002EC102 /* MeetingView.swift */ = {isa = PBXFileReference; lastKnownFileType = sourcecode.swift; path = MeetingView.swift; sourceTree = "<group>"; };
		8801FCC02887AD9A002EC102 /* Assets.xcassets */ = {isa = PBXFileReference; lastKnownFileType = folder.assetcatalog; path = Assets.xcassets; sourceTree = "<group>"; };
		8801FCC32887AD9A002EC102 /* Preview Assets.xcassets */ = {isa = PBXFileReference; lastKnownFileType = folder.assetcatalog; path = "Preview Assets.xcassets"; sourceTree = "<group>"; };
		8801FCC92887AD9A002EC102 /* ScrumdingerTests.xctest */ = {isa = PBXFileReference; explicitFileType = wrapper.cfbundle; includeInIndex = 0; path = ScrumdingerTests.xctest; sourceTree = BUILT_PRODUCTS_DIR; };
		8801FCCD2887AD9A002EC102 /* ScrumdingerTests.swift */ = {isa = PBXFileReference; lastKnownFileType = sourcecode.swift; path = ScrumdingerTests.swift; sourceTree = "<group>"; };
		8801FCD32887AD9A002EC102 /* ScrumdingerUITests.xctest */ = {isa = PBXFileReference; explicitFileType = wrapper.cfbundle; includeInIndex = 0; path = ScrumdingerUITests.xctest; sourceTree = BUILT_PRODUCTS_DIR; };
		8801FCD72887AD9A002EC102 /* ScrumdingerUITests.swift */ = {isa = PBXFileReference; lastKnownFileType = sourcecode.swift; path = ScrumdingerUITests.swift; sourceTree = "<group>"; };
		8801FCD92887AD9A002EC102 /* ScrumdingerUITestsLaunchTests.swift */ = {isa = PBXFileReference; lastKnownFileType = sourcecode.swift; path = ScrumdingerUITestsLaunchTests.swift; sourceTree = "<group>"; };
		8801FCE7288CECCF002EC102 /* Theme.swift */ = {isa = PBXFileReference; lastKnownFileType = sourcecode.swift; path = Theme.swift; sourceTree = "<group>"; };
		8801FCE9288CED7F002EC102 /* DailyScrum.swift */ = {isa = PBXFileReference; lastKnownFileType = sourcecode.swift; path = DailyScrum.swift; sourceTree = "<group>"; };
		8801FCEB288CEE82002EC102 /* CardView.swift */ = {isa = PBXFileReference; lastKnownFileType = sourcecode.swift; path = CardView.swift; sourceTree = "<group>"; };
		8801FCED288D9D49002EC102 /* TrailingIconLabelStyle.swift */ = {isa = PBXFileReference; lastKnownFileType = sourcecode.swift; path = TrailingIconLabelStyle.swift; sourceTree = "<group>"; };
		8801FCEF288E33AA002EC102 /* ScrumsView.swift */ = {isa = PBXFileReference; lastKnownFileType = sourcecode.swift; path = ScrumsView.swift; sourceTree = "<group>"; };
		8801FCF12890D653002EC102 /* DetailVIew.swift */ = {isa = PBXFileReference; lastKnownFileType = sourcecode.swift; path = DetailVIew.swift; sourceTree = "<group>"; };
		8801FCF328936DFC002EC102 /* DetailEditView.swift */ = {isa = PBXFileReference; lastKnownFileType = sourcecode.swift; path = DetailEditView.swift; sourceTree = "<group>"; };
		8801FCF52895826B002EC102 /* ThemeView.swift */ = {isa = PBXFileReference; lastKnownFileType = sourcecode.swift; path = ThemeView.swift; sourceTree = "<group>"; };
		8801FCF928958AF6002EC102 /* ThemePicker.swift */ = {isa = PBXFileReference; lastKnownFileType = sourcecode.swift; path = ThemePicker.swift; sourceTree = "<group>"; };
		8801FCFB2895EC1C002EC102 /* MeetingHeaderView.swift */ = {isa = PBXFileReference; lastKnownFileType = sourcecode.swift; path = MeetingHeaderView.swift; sourceTree = "<group>"; };
		8801FCFD28961148002EC102 /* ScrumProgressViewStyle.swift */ = {isa = PBXFileReference; lastKnownFileType = sourcecode.swift; path = ScrumProgressViewStyle.swift; sourceTree = "<group>"; };
		8801FCFF28961307002EC102 /* ScrumTimer.swift */ = {isa = PBXFileReference; lastKnownFileType = sourcecode.swift; path = ScrumTimer.swift; sourceTree = "<group>"; };
		8801FD0128961B4B002EC102 /* MeetingFooterView.swift */ = {isa = PBXFileReference; lastKnownFileType = sourcecode.swift; path = MeetingFooterView.swift; sourceTree = "<group>"; };
		8801FD032896F1BF002EC102 /* AVSharedDingPlayer.swift */ = {isa = PBXFileReference; lastKnownFileType = sourcecode.swift; path = AVSharedDingPlayer.swift; sourceTree = "<group>"; };
		8801FD062896F540002EC102 /* ding.wav */ = {isa = PBXFileReference; lastKnownFileType = audio.wav; path = ding.wav; sourceTree = "<group>"; };
		8801FD08289764F4002EC102 /* History.swift */ = {isa = PBXFileReference; lastKnownFileType = sourcecode.swift; path = History.swift; sourceTree = "<group>"; };
		8801FD0A289785AB002EC102 /* ScrumStore.swift */ = {isa = PBXFileReference; lastKnownFileType = sourcecode.swift; path = ScrumStore.swift; sourceTree = "<group>"; };
		8801FD0C289CB2F5002EC102 /* ErrorWrapper.swift */ = {isa = PBXFileReference; lastKnownFileType = sourcecode.swift; path = ErrorWrapper.swift; sourceTree = "<group>"; };
		8801FD0E289CB374002EC102 /* ErrorView.swift */ = {isa = PBXFileReference; lastKnownFileType = sourcecode.swift; path = ErrorView.swift; sourceTree = "<group>"; };
		8801FD12289E0532002EC102 /* MeetingTimerView.swift */ = {isa = PBXFileReference; lastKnownFileType = sourcecode.swift; path = MeetingTimerView.swift; sourceTree = "<group>"; };
		8801FD14289E091B002EC102 /* SpeakerArc.swift */ = {isa = PBXFileReference; lastKnownFileType = sourcecode.swift; path = SpeakerArc.swift; sourceTree = "<group>"; };
		8801FD16289F6A8B002EC102 /* SpeechRecognizer.swift */ = {isa = PBXFileReference; lastKnownFileType = sourcecode.swift; path = SpeechRecognizer.swift; sourceTree = "<group>"; };
		8801FD18289F745B002EC102 /* HistoryView.swift */ = {isa = PBXFileReference; lastKnownFileType = sourcecode.swift; path = HistoryView.swift; sourceTree = "<group>"; };
/* End PBXFileReference section */

/* Begin PBXFrameworksBuildPhase section */
		8801FCB62887AD96002EC102 /* Frameworks */ = {
			isa = PBXFrameworksBuildPhase;
			buildActionMask = 2147483647;
			files = (
			);
			runOnlyForDeploymentPostprocessing = 0;
		};
		8801FCC62887AD9A002EC102 /* Frameworks */ = {
			isa = PBXFrameworksBuildPhase;
			buildActionMask = 2147483647;
			files = (
			);
			runOnlyForDeploymentPostprocessing = 0;
		};
		8801FCD02887AD9A002EC102 /* Frameworks */ = {
			isa = PBXFrameworksBuildPhase;
			buildActionMask = 2147483647;
			files = (
			);
			runOnlyForDeploymentPostprocessing = 0;
		};
/* End PBXFrameworksBuildPhase section */

/* Begin PBXGroup section */
		8801FCB02887AD96002EC102 = {
			isa = PBXGroup;
			children = (
				8801FCBB2887AD96002EC102 /* Scrumdinger */,
				8801FCCC2887AD9A002EC102 /* ScrumdingerTests */,
				8801FCD62887AD9A002EC102 /* ScrumdingerUITests */,
				8801FCBA2887AD96002EC102 /* Products */,
			);
			sourceTree = "<group>";
		};
		8801FCBA2887AD96002EC102 /* Products */ = {
			isa = PBXGroup;
			children = (
				8801FCB92887AD96002EC102 /* Scrumdinger.app */,
				8801FCC92887AD9A002EC102 /* ScrumdingerTests.xctest */,
				8801FCD32887AD9A002EC102 /* ScrumdingerUITests.xctest */,
			);
			name = Products;
			sourceTree = "<group>";
		};
		8801FCBB2887AD96002EC102 /* Scrumdinger */ = {
			isa = PBXGroup;
			children = (
				8801FD052896F50C002EC102 /* Resources */,
				8801FCF828958288002EC102 /* Styles */,
				8801FCF728958272002EC102 /* Views */,
				8801FCE6288CEC70002EC102 /* Models */,
				8801FCBC2887AD96002EC102 /* ScrumdingerApp.swift */,
				8801FCC02887AD9A002EC102 /* Assets.xcassets */,
				8801FCC22887AD9A002EC102 /* Preview Content */,
			);
			path = Scrumdinger;
			sourceTree = "<group>";
		};
		8801FCC22887AD9A002EC102 /* Preview Content */ = {
			isa = PBXGroup;
			children = (
				8801FCC32887AD9A002EC102 /* Preview Assets.xcassets */,
			);
			path = "Preview Content";
			sourceTree = "<group>";
		};
		8801FCCC2887AD9A002EC102 /* ScrumdingerTests */ = {
			isa = PBXGroup;
			children = (
				8801FCCD2887AD9A002EC102 /* ScrumdingerTests.swift */,
			);
			path = ScrumdingerTests;
			sourceTree = "<group>";
		};
		8801FCD62887AD9A002EC102 /* ScrumdingerUITests */ = {
			isa = PBXGroup;
			children = (
				8801FCD72887AD9A002EC102 /* ScrumdingerUITests.swift */,
				8801FCD92887AD9A002EC102 /* ScrumdingerUITestsLaunchTests.swift */,
			);
			path = ScrumdingerUITests;
			sourceTree = "<group>";
		};
		8801FCE6288CEC70002EC102 /* Models */ = {
			isa = PBXGroup;
			children = (
				8801FCE7288CECCF002EC102 /* Theme.swift */,
				8801FCE9288CED7F002EC102 /* DailyScrum.swift */,
				8801FCFF28961307002EC102 /* ScrumTimer.swift */,
				8801FD032896F1BF002EC102 /* AVSharedDingPlayer.swift */,
				8801FD08289764F4002EC102 /* History.swift */,
				8801FD0A289785AB002EC102 /* ScrumStore.swift */,
				8801FD0C289CB2F5002EC102 /* ErrorWrapper.swift */,
				8801FD16289F6A8B002EC102 /* SpeechRecognizer.swift */,
			);
			path = Models;
			sourceTree = "<group>";
		};
		8801FCF728958272002EC102 /* Views */ = {
			isa = PBXGroup;
			children = (
				8801FCBE2887AD96002EC102 /* MeetingView.swift */,
				8801FCEB288CEE82002EC102 /* CardView.swift */,
				8801FCEF288E33AA002EC102 /* ScrumsView.swift */,
				8801FCF12890D653002EC102 /* DetailVIew.swift */,
				8801FCF328936DFC002EC102 /* DetailEditView.swift */,
				8801FCF52895826B002EC102 /* ThemeView.swift */,
				8801FCF928958AF6002EC102 /* ThemePicker.swift */,
				8801FCFB2895EC1C002EC102 /* MeetingHeaderView.swift */,
				8801FD0128961B4B002EC102 /* MeetingFooterView.swift */,
				8801FD12289E0532002EC102 /* MeetingTimerView.swift */,
				8801FD0E289CB374002EC102 /* ErrorView.swift */,
				8801FD14289E091B002EC102 /* SpeakerArc.swift */,
				8801FD18289F745B002EC102 /* HistoryView.swift */,
			);
			path = Views;
			sourceTree = "<group>";
		};
		8801FCF828958288002EC102 /* Styles */ = {
			isa = PBXGroup;
			children = (
				8801FCED288D9D49002EC102 /* TrailingIconLabelStyle.swift */,
				8801FCFD28961148002EC102 /* ScrumProgressViewStyle.swift */,
			);
			path = Styles;
			sourceTree = "<group>";
		};
		8801FD052896F50C002EC102 /* Resources */ = {
			isa = PBXGroup;
			children = (
				8801FD062896F540002EC102 /* ding.wav */,
			);
			path = Resources;
			sourceTree = "<group>";
		};
/* End PBXGroup section */

/* Begin PBXNativeTarget section */
		8801FCB82887AD96002EC102 /* Scrumdinger */ = {
			isa = PBXNativeTarget;
			buildConfigurationList = 8801FCDD2887AD9A002EC102 /* Build configuration list for PBXNativeTarget "Scrumdinger" */;
			buildPhases = (
				8801FCB52887AD96002EC102 /* Sources */,
				8801FCB62887AD96002EC102 /* Frameworks */,
				8801FCB72887AD96002EC102 /* Resources */,
			);
			buildRules = (
			);
			dependencies = (
			);
			name = Scrumdinger;
			productName = Scrumdinger;
			productReference = 8801FCB92887AD96002EC102 /* Scrumdinger.app */;
			productType = "com.apple.product-type.application";
		};
		8801FCC82887AD9A002EC102 /* ScrumdingerTests */ = {
			isa = PBXNativeTarget;
			buildConfigurationList = 8801FCE02887AD9A002EC102 /* Build configuration list for PBXNativeTarget "ScrumdingerTests" */;
			buildPhases = (
				8801FCC52887AD9A002EC102 /* Sources */,
				8801FCC62887AD9A002EC102 /* Frameworks */,
				8801FCC72887AD9A002EC102 /* Resources */,
			);
			buildRules = (
			);
			dependencies = (
				8801FCCB2887AD9A002EC102 /* PBXTargetDependency */,
			);
			name = ScrumdingerTests;
			productName = ScrumdingerTests;
			productReference = 8801FCC92887AD9A002EC102 /* ScrumdingerTests.xctest */;
			productType = "com.apple.product-type.bundle.unit-test";
		};
		8801FCD22887AD9A002EC102 /* ScrumdingerUITests */ = {
			isa = PBXNativeTarget;
			buildConfigurationList = 8801FCE32887AD9A002EC102 /* Build configuration list for PBXNativeTarget "ScrumdingerUITests" */;
			buildPhases = (
				8801FCCF2887AD9A002EC102 /* Sources */,
				8801FCD02887AD9A002EC102 /* Frameworks */,
				8801FCD12887AD9A002EC102 /* Resources */,
			);
			buildRules = (
			);
			dependencies = (
				8801FCD52887AD9A002EC102 /* PBXTargetDependency */,
			);
			name = ScrumdingerUITests;
			productName = ScrumdingerUITests;
			productReference = 8801FCD32887AD9A002EC102 /* ScrumdingerUITests.xctest */;
			productType = "com.apple.product-type.bundle.ui-testing";
		};
/* End PBXNativeTarget section */

/* Begin PBXProject section */
		8801FCB12887AD96002EC102 /* Project object */ = {
			isa = PBXProject;
			attributes = {
				BuildIndependentTargetsInParallel = 1;
				LastSwiftUpdateCheck = 1340;
				LastUpgradeCheck = 1340;
				TargetAttributes = {
					8801FCB82887AD96002EC102 = {
						CreatedOnToolsVersion = 13.4.1;
					};
					8801FCC82887AD9A002EC102 = {
						CreatedOnToolsVersion = 13.4.1;
						TestTargetID = 8801FCB82887AD96002EC102;
					};
					8801FCD22887AD9A002EC102 = {
						CreatedOnToolsVersion = 13.4.1;
						TestTargetID = 8801FCB82887AD96002EC102;
					};
				};
			};
			buildConfigurationList = 8801FCB42887AD96002EC102 /* Build configuration list for PBXProject "Scrumdinger" */;
			compatibilityVersion = "Xcode 13.0";
			developmentRegion = en;
			hasScannedForEncodings = 0;
			knownRegions = (
				en,
				Base,
			);
			mainGroup = 8801FCB02887AD96002EC102;
			productRefGroup = 8801FCBA2887AD96002EC102 /* Products */;
			projectDirPath = "";
			projectRoot = "";
			targets = (
				8801FCB82887AD96002EC102 /* Scrumdinger */,
				8801FCC82887AD9A002EC102 /* ScrumdingerTests */,
				8801FCD22887AD9A002EC102 /* ScrumdingerUITests */,
			);
		};
/* End PBXProject section */

/* Begin PBXResourcesBuildPhase section */
		8801FCB72887AD96002EC102 /* Resources */ = {
			isa = PBXResourcesBuildPhase;
			buildActionMask = 2147483647;
			files = (
				8801FD072896F540002EC102 /* ding.wav in Resources */,
				8801FCC42887AD9A002EC102 /* Preview Assets.xcassets in Resources */,
				8801FCC12887AD9A002EC102 /* Assets.xcassets in Resources */,
			);
			runOnlyForDeploymentPostprocessing = 0;
		};
		8801FCC72887AD9A002EC102 /* Resources */ = {
			isa = PBXResourcesBuildPhase;
			buildActionMask = 2147483647;
			files = (
			);
			runOnlyForDeploymentPostprocessing = 0;
		};
		8801FCD12887AD9A002EC102 /* Resources */ = {
			isa = PBXResourcesBuildPhase;
			buildActionMask = 2147483647;
			files = (
			);
			runOnlyForDeploymentPostprocessing = 0;
		};
/* End PBXResourcesBuildPhase section */

/* Begin PBXSourcesBuildPhase section */
		8801FCB52887AD96002EC102 /* Sources */ = {
			isa = PBXSourcesBuildPhase;
			buildActionMask = 2147483647;
			files = (
				8801FD09289764F4002EC102 /* History.swift in Sources */,
				8801FD19289F745B002EC102 /* HistoryView.swift in Sources */,
				8801FD042896F1BF002EC102 /* AVSharedDingPlayer.swift in Sources */,
				8801FCFA28958AF6002EC102 /* ThemePicker.swift in Sources */,
				8801FCFE28961148002EC102 /* ScrumProgressViewStyle.swift in Sources */,
				8801FD0B289785AB002EC102 /* ScrumStore.swift in Sources */,
				8801FD0228961B4B002EC102 /* MeetingFooterView.swift in Sources */,
				8801FD0028961307002EC102 /* ScrumTimer.swift in Sources */,
				8801FCEA288CED7F002EC102 /* DailyScrum.swift in Sources */,
				8801FCF22890D653002EC102 /* DetailVIew.swift in Sources */,
				8801FD13289E0532002EC102 /* MeetingTimerView.swift in Sources */,
				8801FCFC2895EC1C002EC102 /* MeetingHeaderView.swift in Sources */,
				8801FD0D289CB2F5002EC102 /* ErrorWrapper.swift in Sources */,
				8801FCF428936DFC002EC102 /* DetailEditView.swift in Sources */,
				8801FCEE288D9D49002EC102 /* TrailingIconLabelStyle.swift in Sources */,
				8801FCE8288CECCF002EC102 /* Theme.swift in Sources */,
				8801FCF0288E33AA002EC102 /* ScrumsView.swift in Sources */,
				8801FD17289F6A8B002EC102 /* SpeechRecognizer.swift in Sources */,
				8801FD0F289CB374002EC102 /* ErrorView.swift in Sources */,
				8801FCBF2887AD96002EC102 /* MeetingView.swift in Sources */,
				8801FCBD2887AD96002EC102 /* ScrumdingerApp.swift in Sources */,
				8801FCF62895826B002EC102 /* ThemeView.swift in Sources */,
				8801FD15289E091B002EC102 /* SpeakerArc.swift in Sources */,
				8801FCEC288CEE82002EC102 /* CardView.swift in Sources */,
			);
			runOnlyForDeploymentPostprocessing = 0;
		};
		8801FCC52887AD9A002EC102 /* Sources */ = {
			isa = PBXSourcesBuildPhase;
			buildActionMask = 2147483647;
			files = (
				8801FCCE2887AD9A002EC102 /* ScrumdingerTests.swift in Sources */,
			);
			runOnlyForDeploymentPostprocessing = 0;
		};
		8801FCCF2887AD9A002EC102 /* Sources */ = {
			isa = PBXSourcesBuildPhase;
			buildActionMask = 2147483647;
			files = (
				8801FCDA2887AD9A002EC102 /* ScrumdingerUITestsLaunchTests.swift in Sources */,
				8801FCD82887AD9A002EC102 /* ScrumdingerUITests.swift in Sources */,
			);
			runOnlyForDeploymentPostprocessing = 0;
		};
/* End PBXSourcesBuildPhase section */

/* Begin PBXTargetDependency section */
		8801FCCB2887AD9A002EC102 /* PBXTargetDependency */ = {
			isa = PBXTargetDependency;
			target = 8801FCB82887AD96002EC102 /* Scrumdinger */;
			targetProxy = 8801FCCA2887AD9A002EC102 /* PBXContainerItemProxy */;
		};
		8801FCD52887AD9A002EC102 /* PBXTargetDependency */ = {
			isa = PBXTargetDependency;
			target = 8801FCB82887AD96002EC102 /* Scrumdinger */;
			targetProxy = 8801FCD42887AD9A002EC102 /* PBXContainerItemProxy */;
		};
/* End PBXTargetDependency section */

/* Begin XCBuildConfiguration section */
		8801FCDB2887AD9A002EC102 /* Debug */ = {
			isa = XCBuildConfiguration;
			buildSettings = {
				ALWAYS_SEARCH_USER_PATHS = NO;
				CLANG_ANALYZER_NONNULL = YES;
				CLANG_ANALYZER_NUMBER_OBJECT_CONVERSION = YES_AGGRESSIVE;
				CLANG_CXX_LANGUAGE_STANDARD = "gnu++17";
				CLANG_ENABLE_MODULES = YES;
				CLANG_ENABLE_OBJC_ARC = YES;
				CLANG_ENABLE_OBJC_WEAK = YES;
				CLANG_WARN_BLOCK_CAPTURE_AUTORELEASING = YES;
				CLANG_WARN_BOOL_CONVERSION = YES;
				CLANG_WARN_COMMA = YES;
				CLANG_WARN_CONSTANT_CONVERSION = YES;
				CLANG_WARN_DEPRECATED_OBJC_IMPLEMENTATIONS = YES;
				CLANG_WARN_DIRECT_OBJC_ISA_USAGE = YES_ERROR;
				CLANG_WARN_DOCUMENTATION_COMMENTS = YES;
				CLANG_WARN_EMPTY_BODY = YES;
				CLANG_WARN_ENUM_CONVERSION = YES;
				CLANG_WARN_INFINITE_RECURSION = YES;
				CLANG_WARN_INT_CONVERSION = YES;
				CLANG_WARN_NON_LITERAL_NULL_CONVERSION = YES;
				CLANG_WARN_OBJC_IMPLICIT_RETAIN_SELF = YES;
				CLANG_WARN_OBJC_LITERAL_CONVERSION = YES;
				CLANG_WARN_OBJC_ROOT_CLASS = YES_ERROR;
				CLANG_WARN_QUOTED_INCLUDE_IN_FRAMEWORK_HEADER = YES;
				CLANG_WARN_RANGE_LOOP_ANALYSIS = YES;
				CLANG_WARN_STRICT_PROTOTYPES = YES;
				CLANG_WARN_SUSPICIOUS_MOVE = YES;
				CLANG_WARN_UNGUARDED_AVAILABILITY = YES_AGGRESSIVE;
				CLANG_WARN_UNREACHABLE_CODE = YES;
				CLANG_WARN__DUPLICATE_METHOD_MATCH = YES;
				COPY_PHASE_STRIP = NO;
				DEBUG_INFORMATION_FORMAT = dwarf;
				ENABLE_STRICT_OBJC_MSGSEND = YES;
				ENABLE_TESTABILITY = YES;
				GCC_C_LANGUAGE_STANDARD = gnu11;
				GCC_DYNAMIC_NO_PIC = NO;
				GCC_NO_COMMON_BLOCKS = YES;
				GCC_OPTIMIZATION_LEVEL = 0;
				GCC_PREPROCESSOR_DEFINITIONS = (
					"DEBUG=1",
					"$(inherited)",
				);
				GCC_WARN_64_TO_32_BIT_CONVERSION = YES;
				GCC_WARN_ABOUT_RETURN_TYPE = YES_ERROR;
				GCC_WARN_UNDECLARED_SELECTOR = YES;
				GCC_WARN_UNINITIALIZED_AUTOS = YES_AGGRESSIVE;
				GCC_WARN_UNUSED_FUNCTION = YES;
				GCC_WARN_UNUSED_VARIABLE = YES;
				IPHONEOS_DEPLOYMENT_TARGET = 15.5;
				MTL_ENABLE_DEBUG_INFO = INCLUDE_SOURCE;
				MTL_FAST_MATH = YES;
				ONLY_ACTIVE_ARCH = YES;
				SDKROOT = iphoneos;
				SWIFT_ACTIVE_COMPILATION_CONDITIONS = DEBUG;
				SWIFT_OPTIMIZATION_LEVEL = "-Onone";
			};
			name = Debug;
		};
		8801FCDC2887AD9A002EC102 /* Release */ = {
			isa = XCBuildConfiguration;
			buildSettings = {
				ALWAYS_SEARCH_USER_PATHS = NO;
				CLANG_ANALYZER_NONNULL = YES;
				CLANG_ANALYZER_NUMBER_OBJECT_CONVERSION = YES_AGGRESSIVE;
				CLANG_CXX_LANGUAGE_STANDARD = "gnu++17";
				CLANG_ENABLE_MODULES = YES;
				CLANG_ENABLE_OBJC_ARC = YES;
				CLANG_ENABLE_OBJC_WEAK = YES;
				CLANG_WARN_BLOCK_CAPTURE_AUTORELEASING = YES;
				CLANG_WARN_BOOL_CONVERSION = YES;
				CLANG_WARN_COMMA = YES;
				CLANG_WARN_CONSTANT_CONVERSION = YES;
				CLANG_WARN_DEPRECATED_OBJC_IMPLEMENTATIONS = YES;
				CLANG_WARN_DIRECT_OBJC_ISA_USAGE = YES_ERROR;
				CLANG_WARN_DOCUMENTATION_COMMENTS = YES;
				CLANG_WARN_EMPTY_BODY = YES;
				CLANG_WARN_ENUM_CONVERSION = YES;
				CLANG_WARN_INFINITE_RECURSION = YES;
				CLANG_WARN_INT_CONVERSION = YES;
				CLANG_WARN_NON_LITERAL_NULL_CONVERSION = YES;
				CLANG_WARN_OBJC_IMPLICIT_RETAIN_SELF = YES;
				CLANG_WARN_OBJC_LITERAL_CONVERSION = YES;
				CLANG_WARN_OBJC_ROOT_CLASS = YES_ERROR;
				CLANG_WARN_QUOTED_INCLUDE_IN_FRAMEWORK_HEADER = YES;
				CLANG_WARN_RANGE_LOOP_ANALYSIS = YES;
				CLANG_WARN_STRICT_PROTOTYPES = YES;
				CLANG_WARN_SUSPICIOUS_MOVE = YES;
				CLANG_WARN_UNGUARDED_AVAILABILITY = YES_AGGRESSIVE;
				CLANG_WARN_UNREACHABLE_CODE = YES;
				CLANG_WARN__DUPLICATE_METHOD_MATCH = YES;
				COPY_PHASE_STRIP = NO;
				DEBUG_INFORMATION_FORMAT = "dwarf-with-dsym";
				ENABLE_NS_ASSERTIONS = NO;
				ENABLE_STRICT_OBJC_MSGSEND = YES;
				GCC_C_LANGUAGE_STANDARD = gnu11;
				GCC_NO_COMMON_BLOCKS = YES;
				GCC_WARN_64_TO_32_BIT_CONVERSION = YES;
				GCC_WARN_ABOUT_RETURN_TYPE = YES_ERROR;
				GCC_WARN_UNDECLARED_SELECTOR = YES;
				GCC_WARN_UNINITIALIZED_AUTOS = YES_AGGRESSIVE;
				GCC_WARN_UNUSED_FUNCTION = YES;
				GCC_WARN_UNUSED_VARIABLE = YES;
				IPHONEOS_DEPLOYMENT_TARGET = 15.5;
				MTL_ENABLE_DEBUG_INFO = NO;
				MTL_FAST_MATH = YES;
				SDKROOT = iphoneos;
				SWIFT_COMPILATION_MODE = wholemodule;
				SWIFT_OPTIMIZATION_LEVEL = "-O";
				VALIDATE_PRODUCT = YES;
			};
			name = Release;
		};
		8801FCDE2887AD9A002EC102 /* Debug */ = {
			isa = XCBuildConfiguration;
			buildSettings = {
				ASSETCATALOG_COMPILER_APPICON_NAME = AppIcon;
				ASSETCATALOG_COMPILER_GLOBAL_ACCENT_COLOR_NAME = AccentColor;
				CODE_SIGN_STYLE = Automatic;
				CURRENT_PROJECT_VERSION = 1;
				DEVELOPMENT_ASSET_PATHS = "\"Scrumdinger/Preview Content\"";
				ENABLE_PREVIEWS = YES;
				GENERATE_INFOPLIST_FILE = YES;
				INFOPLIST_KEY_NSMicrophoneUsageDescription = "Audio is recorded to transcribe the meeting. Audio recordings are discarded after transcription.";
				INFOPLIST_KEY_NSSpeechRecognitionUsageDescription = "You can view a text transcription of your meeting in the app.";
				INFOPLIST_KEY_UIApplicationSceneManifest_Generation = YES;
				INFOPLIST_KEY_UIApplicationSupportsIndirectInputEvents = YES;
				INFOPLIST_KEY_UILaunchScreen_Generation = YES;
				INFOPLIST_KEY_UISupportedInterfaceOrientations_iPad = "UIInterfaceOrientationPortrait UIInterfaceOrientationPortraitUpsideDown UIInterfaceOrientationLandscapeLeft UIInterfaceOrientationLandscapeRight";
				INFOPLIST_KEY_UISupportedInterfaceOrientations_iPhone = "UIInterfaceOrientationPortrait UIInterfaceOrientationLandscapeLeft UIInterfaceOrientationLandscapeRight";
				IPHONEOS_DEPLOYMENT_TARGET = 15.0;
				LD_RUNPATH_SEARCH_PATHS = (
					"$(inherited)",
					"@executable_path/Frameworks",
				);
				MARKETING_VERSION = 1.0;
				PRODUCT_BUNDLE_IDENTIFIER = "com.km-dev.Scrumdinger";
				PRODUCT_NAME = "$(TARGET_NAME)";
				SWIFT_EMIT_LOC_STRINGS = YES;
				SWIFT_VERSION = 5.0;
				TARGETED_DEVICE_FAMILY = "1,2";
			};
			name = Debug;
		};
		8801FCDF2887AD9A002EC102 /* Release */ = {
			isa = XCBuildConfiguration;
			buildSettings = {
				ASSETCATALOG_COMPILER_APPICON_NAME = AppIcon;
				ASSETCATALOG_COMPILER_GLOBAL_ACCENT_COLOR_NAME = AccentColor;
				CODE_SIGN_STYLE = Automatic;
				CURRENT_PROJECT_VERSION = 1;
				DEVELOPMENT_ASSET_PATHS = "\"Scrumdinger/Preview Content\"";
				ENABLE_PREVIEWS = YES;
				GENERATE_INFOPLIST_FILE = YES;
				INFOPLIST_KEY_NSMicrophoneUsageDescription = "Audio is recorded to transcribe the meeting. Audio recordings are discarded after transcription.";
				INFOPLIST_KEY_NSSpeechRecognitionUsageDescription = "You can view a text transcription of your meeting in the app.";
				INFOPLIST_KEY_UIApplicationSceneManifest_Generation = YES;
				INFOPLIST_KEY_UIApplicationSupportsIndirectInputEvents = YES;
				INFOPLIST_KEY_UILaunchScreen_Generation = YES;
				INFOPLIST_KEY_UISupportedInterfaceOrientations_iPad = "UIInterfaceOrientationPortrait UIInterfaceOrientationPortraitUpsideDown UIInterfaceOrientationLandscapeLeft UIInterfaceOrientationLandscapeRight";
				INFOPLIST_KEY_UISupportedInterfaceOrientations_iPhone = "UIInterfaceOrientationPortrait UIInterfaceOrientationLandscapeLeft UIInterfaceOrientationLandscapeRight";
				IPHONEOS_DEPLOYMENT_TARGET = 15.0;
				LD_RUNPATH_SEARCH_PATHS = (
					"$(inherited)",
					"@executable_path/Frameworks",
				);
				MARKETING_VERSION = 1.0;
				PRODUCT_BUNDLE_IDENTIFIER = "com.km-dev.Scrumdinger";
				PRODUCT_NAME = "$(TARGET_NAME)";
				SWIFT_EMIT_LOC_STRINGS = YES;
				SWIFT_VERSION = 5.0;
				TARGETED_DEVICE_FAMILY = "1,2";
			};
			name = Release;
		};
		8801FCE12887AD9A002EC102 /* Debug */ = {
			isa = XCBuildConfiguration;
			buildSettings = {
				ALWAYS_EMBED_SWIFT_STANDARD_LIBRARIES = YES;
				BUNDLE_LOADER = "$(TEST_HOST)";
				CODE_SIGN_STYLE = Automatic;
				CURRENT_PROJECT_VERSION = 1;
				GENERATE_INFOPLIST_FILE = YES;
				IPHONEOS_DEPLOYMENT_TARGET = 15.5;
				MARKETING_VERSION = 1.0;
				PRODUCT_BUNDLE_IDENTIFIER = "com.km-dev.ScrumdingerTests";
				PRODUCT_NAME = "$(TARGET_NAME)";
				SWIFT_EMIT_LOC_STRINGS = NO;
				SWIFT_VERSION = 5.0;
				TARGETED_DEVICE_FAMILY = "1,2";
				TEST_HOST = "$(BUILT_PRODUCTS_DIR)/Scrumdinger.app/Scrumdinger";
			};
			name = Debug;
		};
		8801FCE22887AD9A002EC102 /* Release */ = {
			isa = XCBuildConfiguration;
			buildSettings = {
				ALWAYS_EMBED_SWIFT_STANDARD_LIBRARIES = YES;
				BUNDLE_LOADER = "$(TEST_HOST)";
				CODE_SIGN_STYLE = Automatic;
				CURRENT_PROJECT_VERSION = 1;
				GENERATE_INFOPLIST_FILE = YES;
				IPHONEOS_DEPLOYMENT_TARGET = 15.5;
				MARKETING_VERSION = 1.0;
				PRODUCT_BUNDLE_IDENTIFIER = "com.km-dev.ScrumdingerTests";
				PRODUCT_NAME = "$(TARGET_NAME)";
				SWIFT_EMIT_LOC_STRINGS = NO;
				SWIFT_VERSION = 5.0;
				TARGETED_DEVICE_FAMILY = "1,2";
				TEST_HOST = "$(BUILT_PRODUCTS_DIR)/Scrumdinger.app/Scrumdinger";
			};
			name = Release;
		};
		8801FCE42887AD9A002EC102 /* Debug */ = {
			isa = XCBuildConfiguration;
			buildSettings = {
				ALWAYS_EMBED_SWIFT_STANDARD_LIBRARIES = YES;
				CODE_SIGN_STYLE = Automatic;
				CURRENT_PROJECT_VERSION = 1;
				GENERATE_INFOPLIST_FILE = YES;
				MARKETING_VERSION = 1.0;
				PRODUCT_BUNDLE_IDENTIFIER = "com.km-dev.ScrumdingerUITests";
				PRODUCT_NAME = "$(TARGET_NAME)";
				SWIFT_EMIT_LOC_STRINGS = NO;
				SWIFT_VERSION = 5.0;
				TARGETED_DEVICE_FAMILY = "1,2";
				TEST_TARGET_NAME = Scrumdinger;
			};
			name = Debug;
		};
		8801FCE52887AD9A002EC102 /* Release */ = {
			isa = XCBuildConfiguration;
			buildSettings = {
				ALWAYS_EMBED_SWIFT_STANDARD_LIBRARIES = YES;
				CODE_SIGN_STYLE = Automatic;
				CURRENT_PROJECT_VERSION = 1;
				GENERATE_INFOPLIST_FILE = YES;
				MARKETING_VERSION = 1.0;
				PRODUCT_BUNDLE_IDENTIFIER = "com.km-dev.ScrumdingerUITests";
				PRODUCT_NAME = "$(TARGET_NAME)";
				SWIFT_EMIT_LOC_STRINGS = NO;
				SWIFT_VERSION = 5.0;
				TARGETED_DEVICE_FAMILY = "1,2";
				TEST_TARGET_NAME = Scrumdinger;
			};
			name = Release;
		};
/* End XCBuildConfiguration section */

/* Begin XCConfigurationList section */
		8801FCB42887AD96002EC102 /* Build configuration list for PBXProject "Scrumdinger" */ = {
			isa = XCConfigurationList;
			buildConfigurations = (
				8801FCDB2887AD9A002EC102 /* Debug */,
				8801FCDC2887AD9A002EC102 /* Release */,
			);
			defaultConfigurationIsVisible = 0;
			defaultConfigurationName = Release;
		};
		8801FCDD2887AD9A002EC102 /* Build configuration list for PBXNativeTarget "Scrumdinger" */ = {
			isa = XCConfigurationList;
			buildConfigurations = (
				8801FCDE2887AD9A002EC102 /* Debug */,
				8801FCDF2887AD9A002EC102 /* Release */,
			);
			defaultConfigurationIsVisible = 0;
			defaultConfigurationName = Release;
		};
		8801FCE02887AD9A002EC102 /* Build configuration list for PBXNativeTarget "ScrumdingerTests" */ = {
			isa = XCConfigurationList;
			buildConfigurations = (
				8801FCE12887AD9A002EC102 /* Debug */,
				8801FCE22887AD9A002EC102 /* Release */,
			);
			defaultConfigurationIsVisible = 0;
			defaultConfigurationName = Release;
		};
		8801FCE32887AD9A002EC102 /* Build configuration list for PBXNativeTarget "ScrumdingerUITests" */ = {
			isa = XCConfigurationList;
			buildConfigurations = (
				8801FCE42887AD9A002EC102 /* Debug */,
				8801FCE52887AD9A002EC102 /* Release */,
			);
			defaultConfigurationIsVisible = 0;
			defaultConfigurationName = Release;
		};
/* End XCConfigurationList section */
	};
	rootObject = 8801FCB12887AD96002EC102 /* Project object */;
}
